
Microsoft Visual Studio Solution File, Format Version 12.00
# Visual Studio 15
VisualStudioVersion = 15.0.27703.2035
MinimumVisualStudioVersion = 10.0.40219.1
Project("{FAE04EC0-301F-11D3-BF4B-00C04F79EFBC}") = "OMDbAPIClient", "OMDbAPIClient\OMDbAPIClient.csproj", "{A2CA5337-F8DE-4646-8080-3465CF88CEC6}"
EndProject
Project("{FAE04EC0-301F-11D3-BF4B-00C04F79EFBC}") = "OMDbAPIClient.Model", "OMDbAPIClient.Model\OMDbAPIClient.Model.csproj", "{0606817A-7D1F-4565-AFD8-7DF414BE1CEC}"
EndProject
Project("{FAE04EC0-301F-11D3-BF4B-00C04F79EFBC}") = "OMDbAPIClient.ViewModel", "OMDbAPIClient.ViewModel\OMDbAPIClient.ViewModel.csproj", "{1C46ABBA-5869-4C95-B3FC-37D5DFA6E8FC}"
EndProject
Global
	GlobalSection(SolutionConfigurationPlatforms) = preSolution
		Debug|Any CPU = Debug|Any CPU
		Release|Any CPU = Release|Any CPU
	EndGlobalSection
	GlobalSection(ProjectConfigurationPlatforms) = postSolution
		{A2CA5337-F8DE-4646-8080-3465CF88CEC6}.Debug|Any CPU.ActiveCfg = Debug|Any CPU
		{A2CA5337-F8DE-4646-8080-3465CF88CEC6}.Debug|Any CPU.Build.0 = Debug|Any CPU
		{A2CA5337-F8DE-4646-8080-3465CF88CEC6}.Release|Any CPU.ActiveCfg = Release|Any CPU
		{A2CA5337-F8DE-4646-8080-3465CF88CEC6}.Release|Any CPU.Build.0 = Release|Any CPU
		{0606817A-7D1F-4565-AFD8-7DF414BE1CEC}.Debug|Any CPU.ActiveCfg = Debug|Any CPU
		{0606817A-7D1F-4565-AFD8-7DF414BE1CEC}.Debug|Any CPU.Build.0 = Debug|Any CPU
		{0606817A-7D1F-4565-AFD8-7DF414BE1CEC}.Release|Any CPU.ActiveCfg = Release|Any CPU
		{0606817A-7D1F-4565-AFD8-7DF414BE1CEC}.Release|Any CPU.Build.0 = Release|Any CPU
		{1C46ABBA-5869-4C95-B3FC-37D5DFA6E8FC}.Debug|Any CPU.ActiveCfg = Debug|Any CPU
		{1C46ABBA-5869-4C95-B3FC-37D5DFA6E8FC}.Debug|Any CPU.Build.0 = Debug|Any CPU
		{1C46ABBA-5869-4C95-B3FC-37D5DFA6E8FC}.Release|Any CPU.ActiveCfg = Release|Any CPU
		{1C46ABBA-5869-4C95-B3FC-37D5DFA6E8FC}.Release|Any CPU.Build.0 = Release|Any CPU
	EndGlobalSection
	GlobalSection(SolutionProperties) = preSolution
		HideSolutionNode = FALSE
	EndGlobalSection
	GlobalSection(ExtensibilityGlobals) = postSolution
		SolutionGuid = {7EF4FDC8-94B8-4863-B5E0-15EED0C4DB88}
	EndGlobalSection
EndGlobal
